// !$*UTF8*$!
{
	archiveVersion = 1;
	classes = {
	};
	objectVersion = 46;
	objects = {

/* Begin PBXBuildFile section */
		D013182C1BD098A700EF6246 /* 0_s.JPG in Resources */ = {isa = PBXBuildFile; fileRef = D013181E1BD098A700EF6246 /* 0_s.JPG */; };
		D013182D1BD098A700EF6246 /* 0.JPG in Resources */ = {isa = PBXBuildFile; fileRef = D013181F1BD098A700EF6246 /* 0.JPG */; };
		D013182E1BD098A700EF6246 /* 1_s.JPG in Resources */ = {isa = PBXBuildFile; fileRef = D01318201BD098A700EF6246 /* 1_s.JPG */; };
		D013182F1BD098A700EF6246 /* 1.JPG in Resources */ = {isa = PBXBuildFile; fileRef = D01318211BD098A700EF6246 /* 1.JPG */; };
		D01318301BD098A700EF6246 /* 2_s.JPG in Resources */ = {isa = PBXBuildFile; fileRef = D01318221BD098A700EF6246 /* 2_s.JPG */; };
		D01318311BD098A700EF6246 /* 2.JPG in Resources */ = {isa = PBXBuildFile; fileRef = D01318231BD098A700EF6246 /* 2.JPG */; };
		D01318321BD098A700EF6246 /* 3_s.JPG in Resources */ = {isa = PBXBuildFile; fileRef = D01318241BD098A700EF6246 /* 3_s.JPG */; };
		D01318331BD098A700EF6246 /* 3.JPG in Resources */ = {isa = PBXBuildFile; fileRef = D01318251BD098A700EF6246 /* 3.JPG */; };
		D01318341BD098A700EF6246 /* 4_s.JPG in Resources */ = {isa = PBXBuildFile; fileRef = D01318261BD098A700EF6246 /* 4_s.JPG */; };
		D01318351BD098A700EF6246 /* 4.JPG in Resources */ = {isa = PBXBuildFile; fileRef = D01318271BD098A700EF6246 /* 4.JPG */; };
		D01318361BD098A700EF6246 /* 5_s.JPG in Resources */ = {isa = PBXBuildFile; fileRef = D01318281BD098A700EF6246 /* 5_s.JPG */; };
		D01318371BD098A700EF6246 /* 5.JPG in Resources */ = {isa = PBXBuildFile; fileRef = D01318291BD098A700EF6246 /* 5.JPG */; };
		D01318381BD098A700EF6246 /* arrow.png in Resources */ = {isa = PBXBuildFile; fileRef = D013182A1BD098A700EF6246 /* arrow.png */; };
		D01318391BD098A700EF6246 /* arrow1.png in Resources */ = {isa = PBXBuildFile; fileRef = D013182B1BD098A700EF6246 /* arrow1.png */; };
		D013183B1BD09C2400EF6246 /* TATableViewCell.xib in Resources */ = {isa = PBXBuildFile; fileRef = D013183A1BD09C2400EF6246 /* TATableViewCell.xib */; };
		D0AFEF091BCFB0360073D477 /* main.m in Sources */ = {isa = PBXBuildFile; fileRef = D0AFEF081BCFB0360073D477 /* main.m */; };
		D0AFEF0C1BCFB0360073D477 /* AppDelegate.m in Sources */ = {isa = PBXBuildFile; fileRef = D0AFEF0B1BCFB0360073D477 /* AppDelegate.m */; };
		D0AFEF141BCFB0360073D477 /* Images.xcassets in Resources */ = {isa = PBXBuildFile; fileRef = D0AFEF131BCFB0360073D477 /* Images.xcassets */; };
		D0AFEF231BCFB0360073D477 /* ToppanoAppTests.m in Sources */ = {isa = PBXBuildFile; fileRef = D0AFEF221BCFB0360073D477 /* ToppanoAppTests.m */; };
		D0AFEF2D1BCFB0F50073D477 /* CoreGraphics.framework in Frameworks */ = {isa = PBXBuildFile; fileRef = D0AFEF2C1BCFB0F50073D477 /* CoreGraphics.framework */; };
		D0AFEF2F1BCFB1000073D477 /* CoreMotion.framework in Frameworks */ = {isa = PBXBuildFile; fileRef = D0AFEF2E1BCFB1000073D477 /* CoreMotion.framework */; };
		D0AFEF311BCFB1060073D477 /* GLKit.framework in Frameworks */ = {isa = PBXBuildFile; fileRef = D0AFEF301BCFB1060073D477 /* GLKit.framework */; };
		D0AFEF331BCFB10F0073D477 /* OpenGLES.framework in Frameworks */ = {isa = PBXBuildFile; fileRef = D0AFEF321BCFB10F0073D477 /* OpenGLES.framework */; };
		D0AFEF6C1BCFB4610073D477 /* TAMotion.m in Sources */ = {isa = PBXBuildFile; fileRef = D0AFEF6B1BCFB4610073D477 /* TAMotion.m */; };
		D0AFEF6F1BCFB4BA0073D477 /* TANetworkAPI.m in Sources */ = {isa = PBXBuildFile; fileRef = D0AFEF6E1BCFB4BA0073D477 /* TANetworkAPI.m */; };
		D0AFEF831BCFB6EB0073D477 /* TALoginViewController.m in Sources */ = {isa = PBXBuildFile; fileRef = D0AFEF7D1BCFB6EB0073D477 /* TALoginViewController.m */; };
		D0AFEF841BCFB6EB0073D477 /* TALoginViewController.xib in Resources */ = {isa = PBXBuildFile; fileRef = D0AFEF7E1BCFB6EB0073D477 /* TALoginViewController.xib */; };
		D0AFEF851BCFB6EB0073D477 /* TAMainViewController.m in Sources */ = {isa = PBXBuildFile; fileRef = D0AFEF811BCFB6EB0073D477 /* TAMainViewController.m */; };
		D0AFEF861BCFB6EB0073D477 /* TAMainViewController.xib in Resources */ = {isa = PBXBuildFile; fileRef = D0AFEF821BCFB6EB0073D477 /* TAMainViewController.xib */; };
		D0AFEF8B1BCFB79D0073D477 /* TASceneViewController.m in Sources */ = {isa = PBXBuildFile; fileRef = D0AFEF891BCFB79D0073D477 /* TASceneViewController.m */; };
		D0AFEF8C1BCFB79D0073D477 /* TASceneViewController.xib in Resources */ = {isa = PBXBuildFile; fileRef = D0AFEF8A1BCFB79D0073D477 /* TASceneViewController.xib */; };
		D0AFEF901BCFB8FE0073D477 /* TATableViewCell.m in Sources */ = {isa = PBXBuildFile; fileRef = D0AFEF8E1BCFB8FE0073D477 /* TATableViewCell.m */; };
		D0AFEF951BCFBA580073D477 /* TAGLKViewController.m in Sources */ = {isa = PBXBuildFile; fileRef = D0AFEF931BCFBA580073D477 /* TAGLKViewController.m */; };
		D0AFEF961BCFBA580073D477 /* TAGLKViewController.xib in Resources */ = {isa = PBXBuildFile; fileRef = D0AFEF941BCFBA580073D477 /* TAGLKViewController.xib */; };
		D0AFEF991BCFBB210073D477 /* TAGLKView.m in Sources */ = {isa = PBXBuildFile; fileRef = D0AFEF981BCFBB210073D477 /* TAGLKView.m */; };
		D0AFEF9C1BCFBB800073D477 /* TASquareObject.m in Sources */ = {isa = PBXBuildFile; fileRef = D0AFEF9B1BCFBB800073D477 /* TASquareObject.m */; };
		D0AFEF9F1BCFBBC40073D477 /* TASphereObject.m in Sources */ = {isa = PBXBuildFile; fileRef = D0AFEF9E1BCFBBC40073D477 /* TASphereObject.m */; };
		D0AFEFA11BCFBCE10073D477 /* VertexShader.vsh in Resources */ = {isa = PBXBuildFile; fileRef = D0AFEFA01BCFBCE10073D477 /* VertexShader.vsh */; };
		D0AFEFA31BCFBCF20073D477 /* FragmentShader.fsh in Resources */ = {isa = PBXBuildFile; fileRef = D0AFEFA21BCFBCF20073D477 /* FragmentShader.fsh */; };
		F252930CFABB832773CEEBDD /* libPods.a in Frameworks */ = {isa = PBXBuildFile; fileRef = B965773F0FF28E8872C89649 /* libPods.a */; };
/* End PBXBuildFile section */

/* Begin PBXContainerItemProxy section */
		D0AFEF1D1BCFB0360073D477 /* PBXContainerItemProxy */ = {
			isa = PBXContainerItemProxy;
			containerPortal = D0AFEEFB1BCFB0360073D477 /* Project object */;
			proxyType = 1;
			remoteGlobalIDString = D0AFEF021BCFB0360073D477;
			remoteInfo = ToppanoApp;
		};
/* End PBXContainerItemProxy section */

/* Begin PBXFileReference section */
		54E4E473F6C46DAB62FC9D50 /* Pods.debug.xcconfig */ = {isa = PBXFileReference; includeInIndex = 1; lastKnownFileType = text.xcconfig; name = Pods.debug.xcconfig; path = "Pods/Target Support Files/Pods/Pods.debug.xcconfig"; sourceTree = "<group>"; };
		A4CA1A400CA8A53EB0629155 /* Pods.release.xcconfig */ = {isa = PBXFileReference; includeInIndex = 1; lastKnownFileType = text.xcconfig; name = Pods.release.xcconfig; path = "Pods/Target Support Files/Pods/Pods.release.xcconfig"; sourceTree = "<group>"; };
		B965773F0FF28E8872C89649 /* libPods.a */ = {isa = PBXFileReference; explicitFileType = archive.ar; includeInIndex = 0; path = libPods.a; sourceTree = BUILT_PRODUCTS_DIR; };
		D013181E1BD098A700EF6246 /* 0_s.JPG */ = {isa = PBXFileReference; lastKnownFileType = image.jpeg; path = 0_s.JPG; sourceTree = "<group>"; };
		D013181F1BD098A700EF6246 /* 0.JPG */ = {isa = PBXFileReference; lastKnownFileType = image.jpeg; path = 0.JPG; sourceTree = "<group>"; };
		D01318201BD098A700EF6246 /* 1_s.JPG */ = {isa = PBXFileReference; lastKnownFileType = image.jpeg; path = 1_s.JPG; sourceTree = "<group>"; };
		D01318211BD098A700EF6246 /* 1.JPG */ = {isa = PBXFileReference; lastKnownFileType = image.jpeg; path = 1.JPG; sourceTree = "<group>"; };
		D01318221BD098A700EF6246 /* 2_s.JPG */ = {isa = PBXFileReference; lastKnownFileType = image.jpeg; path = 2_s.JPG; sourceTree = "<group>"; };
		D01318231BD098A700EF6246 /* 2.JPG */ = {isa = PBXFileReference; lastKnownFileType = image.jpeg; path = 2.JPG; sourceTree = "<group>"; };
		D01318241BD098A700EF6246 /* 3_s.JPG */ = {isa = PBXFileReference; lastKnownFileType = image.jpeg; path = 3_s.JPG; sourceTree = "<group>"; };
		D01318251BD098A700EF6246 /* 3.JPG */ = {isa = PBXFileReference; lastKnownFileType = image.jpeg; path = 3.JPG; sourceTree = "<group>"; };
		D01318261BD098A700EF6246 /* 4_s.JPG */ = {isa = PBXFileReference; lastKnownFileType = image.jpeg; path = 4_s.JPG; sourceTree = "<group>"; };
		D01318271BD098A700EF6246 /* 4.JPG */ = {isa = PBXFileReference; lastKnownFileType = image.jpeg; path = 4.JPG; sourceTree = "<group>"; };
		D01318281BD098A700EF6246 /* 5_s.JPG */ = {isa = PBXFileReference; lastKnownFileType = image.jpeg; path = 5_s.JPG; sourceTree = "<group>"; };
		D01318291BD098A700EF6246 /* 5.JPG */ = {isa = PBXFileReference; lastKnownFileType = image.jpeg; path = 5.JPG; sourceTree = "<group>"; };
		D013182A1BD098A700EF6246 /* arrow.png */ = {isa = PBXFileReference; lastKnownFileType = image.png; path = arrow.png; sourceTree = "<group>"; };
		D013182B1BD098A700EF6246 /* arrow1.png */ = {isa = PBXFileReference; lastKnownFileType = image.png; path = arrow1.png; sourceTree = "<group>"; };
		D013183A1BD09C2400EF6246 /* TATableViewCell.xib */ = {isa = PBXFileReference; fileEncoding = 4; lastKnownFileType = file.xib; path = TATableViewCell.xib; sourceTree = "<group>"; };
		D0AFEF031BCFB0360073D477 /* ToppanoApp.app */ = {isa = PBXFileReference; explicitFileType = wrapper.application; includeInIndex = 0; path = ToppanoApp.app; sourceTree = BUILT_PRODUCTS_DIR; };
		D0AFEF071BCFB0360073D477 /* Info.plist */ = {isa = PBXFileReference; lastKnownFileType = text.plist.xml; path = Info.plist; sourceTree = "<group>"; };
		D0AFEF081BCFB0360073D477 /* main.m */ = {isa = PBXFileReference; lastKnownFileType = sourcecode.c.objc; path = main.m; sourceTree = "<group>"; };
		D0AFEF0A1BCFB0360073D477 /* AppDelegate.h */ = {isa = PBXFileReference; lastKnownFileType = sourcecode.c.h; path = AppDelegate.h; sourceTree = "<group>"; };
		D0AFEF0B1BCFB0360073D477 /* AppDelegate.m */ = {isa = PBXFileReference; lastKnownFileType = sourcecode.c.objc; path = AppDelegate.m; sourceTree = "<group>"; };
		D0AFEF131BCFB0360073D477 /* Images.xcassets */ = {isa = PBXFileReference; lastKnownFileType = folder.assetcatalog; path = Images.xcassets; sourceTree = "<group>"; };
		D0AFEF1C1BCFB0360073D477 /* ToppanoAppTests.xctest */ = {isa = PBXFileReference; explicitFileType = wrapper.cfbundle; includeInIndex = 0; path = ToppanoAppTests.xctest; sourceTree = BUILT_PRODUCTS_DIR; };
		D0AFEF211BCFB0360073D477 /* Info.plist */ = {isa = PBXFileReference; lastKnownFileType = text.plist.xml; path = Info.plist; sourceTree = "<group>"; };
		D0AFEF221BCFB0360073D477 /* ToppanoAppTests.m */ = {isa = PBXFileReference; lastKnownFileType = sourcecode.c.objc; path = ToppanoAppTests.m; sourceTree = "<group>"; };
		D0AFEF2C1BCFB0F50073D477 /* CoreGraphics.framework */ = {isa = PBXFileReference; lastKnownFileType = wrapper.framework; name = CoreGraphics.framework; path = System/Library/Frameworks/CoreGraphics.framework; sourceTree = SDKROOT; };
		D0AFEF2E1BCFB1000073D477 /* CoreMotion.framework */ = {isa = PBXFileReference; lastKnownFileType = wrapper.framework; name = CoreMotion.framework; path = System/Library/Frameworks/CoreMotion.framework; sourceTree = SDKROOT; };
		D0AFEF301BCFB1060073D477 /* GLKit.framework */ = {isa = PBXFileReference; lastKnownFileType = wrapper.framework; name = GLKit.framework; path = System/Library/Frameworks/GLKit.framework; sourceTree = SDKROOT; };
		D0AFEF321BCFB10F0073D477 /* OpenGLES.framework */ = {isa = PBXFileReference; lastKnownFileType = wrapper.framework; name = OpenGLES.framework; path = System/Library/Frameworks/OpenGLES.framework; sourceTree = SDKROOT; };
		D0AFEF341BCFB18D0073D477 /* PrefixHeader.pch */ = {isa = PBXFileReference; lastKnownFileType = sourcecode.c.h; path = PrefixHeader.pch; sourceTree = "<group>"; };
		D0AFEF6A1BCFB4610073D477 /* TAMotion.h */ = {isa = PBXFileReference; fileEncoding = 4; lastKnownFileType = sourcecode.c.h; path = TAMotion.h; sourceTree = "<group>"; };
		D0AFEF6B1BCFB4610073D477 /* TAMotion.m */ = {isa = PBXFileReference; fileEncoding = 4; lastKnownFileType = sourcecode.c.objc; path = TAMotion.m; sourceTree = "<group>"; };
		D0AFEF6D1BCFB4BA0073D477 /* TANetworkAPI.h */ = {isa = PBXFileReference; fileEncoding = 4; lastKnownFileType = sourcecode.c.h; path = TANetworkAPI.h; sourceTree = "<group>"; };
		D0AFEF6E1BCFB4BA0073D477 /* TANetworkAPI.m */ = {isa = PBXFileReference; fileEncoding = 4; lastKnownFileType = sourcecode.c.objc; path = TANetworkAPI.m; sourceTree = "<group>"; };
		D0AFEF7C1BCFB6EB0073D477 /* TALoginViewController.h */ = {isa = PBXFileReference; fileEncoding = 4; lastKnownFileType = sourcecode.c.h; path = TALoginViewController.h; sourceTree = "<group>"; };
		D0AFEF7D1BCFB6EB0073D477 /* TALoginViewController.m */ = {isa = PBXFileReference; fileEncoding = 4; lastKnownFileType = sourcecode.c.objc; path = TALoginViewController.m; sourceTree = "<group>"; };
		D0AFEF7E1BCFB6EB0073D477 /* TALoginViewController.xib */ = {isa = PBXFileReference; fileEncoding = 4; lastKnownFileType = file.xib; path = TALoginViewController.xib; sourceTree = "<group>"; };
		D0AFEF801BCFB6EB0073D477 /* TAMainViewController.h */ = {isa = PBXFileReference; fileEncoding = 4; lastKnownFileType = sourcecode.c.h; path = TAMainViewController.h; sourceTree = "<group>"; };
		D0AFEF811BCFB6EB0073D477 /* TAMainViewController.m */ = {isa = PBXFileReference; fileEncoding = 4; lastKnownFileType = sourcecode.c.objc; path = TAMainViewController.m; sourceTree = "<group>"; };
		D0AFEF821BCFB6EB0073D477 /* TAMainViewController.xib */ = {isa = PBXFileReference; fileEncoding = 4; lastKnownFileType = file.xib; path = TAMainViewController.xib; sourceTree = "<group>"; };
		D0AFEF881BCFB79D0073D477 /* TASceneViewController.h */ = {isa = PBXFileReference; fileEncoding = 4; lastKnownFileType = sourcecode.c.h; path = TASceneViewController.h; sourceTree = "<group>"; };
		D0AFEF891BCFB79D0073D477 /* TASceneViewController.m */ = {isa = PBXFileReference; fileEncoding = 4; lastKnownFileType = sourcecode.c.objc; path = TASceneViewController.m; sourceTree = "<group>"; };
		D0AFEF8A1BCFB79D0073D477 /* TASceneViewController.xib */ = {isa = PBXFileReference; fileEncoding = 4; lastKnownFileType = file.xib; path = TASceneViewController.xib; sourceTree = "<group>"; };
		D0AFEF8D1BCFB8FE0073D477 /* TATableViewCell.h */ = {isa = PBXFileReference; fileEncoding = 4; lastKnownFileType = sourcecode.c.h; path = TATableViewCell.h; sourceTree = "<group>"; };
		D0AFEF8E1BCFB8FE0073D477 /* TATableViewCell.m */ = {isa = PBXFileReference; fileEncoding = 4; lastKnownFileType = sourcecode.c.objc; path = TATableViewCell.m; sourceTree = "<group>"; };
		D0AFEF921BCFBA580073D477 /* TAGLKViewController.h */ = {isa = PBXFileReference; fileEncoding = 4; lastKnownFileType = sourcecode.c.h; path = TAGLKViewController.h; sourceTree = "<group>"; };
		D0AFEF931BCFBA580073D477 /* TAGLKViewController.m */ = {isa = PBXFileReference; fileEncoding = 4; lastKnownFileType = sourcecode.c.objc; path = TAGLKViewController.m; sourceTree = "<group>"; };
		D0AFEF941BCFBA580073D477 /* TAGLKViewController.xib */ = {isa = PBXFileReference; fileEncoding = 4; lastKnownFileType = file.xib; path = TAGLKViewController.xib; sourceTree = "<group>"; };
		D0AFEF971BCFBB210073D477 /* TAGLKView.h */ = {isa = PBXFileReference; fileEncoding = 4; lastKnownFileType = sourcecode.c.h; path = TAGLKView.h; sourceTree = "<group>"; };
		D0AFEF981BCFBB210073D477 /* TAGLKView.m */ = {isa = PBXFileReference; fileEncoding = 4; lastKnownFileType = sourcecode.c.objc; path = TAGLKView.m; sourceTree = "<group>"; };
		D0AFEF9A1BCFBB800073D477 /* TASquareObject.h */ = {isa = PBXFileReference; fileEncoding = 4; lastKnownFileType = sourcecode.c.h; path = TASquareObject.h; sourceTree = "<group>"; };
		D0AFEF9B1BCFBB800073D477 /* TASquareObject.m */ = {isa = PBXFileReference; fileEncoding = 4; lastKnownFileType = sourcecode.c.objc; path = TASquareObject.m; sourceTree = "<group>"; };
		D0AFEF9D1BCFBBC40073D477 /* TASphereObject.h */ = {isa = PBXFileReference; fileEncoding = 4; lastKnownFileType = sourcecode.c.h; path = TASphereObject.h; sourceTree = "<group>"; };
		D0AFEF9E1BCFBBC40073D477 /* TASphereObject.m */ = {isa = PBXFileReference; fileEncoding = 4; lastKnownFileType = sourcecode.c.objc; path = TASphereObject.m; sourceTree = "<group>"; };
		D0AFEFA01BCFBCE10073D477 /* VertexShader.vsh */ = {isa = PBXFileReference; fileEncoding = 4; lastKnownFileType = sourcecode.glsl; path = VertexShader.vsh; sourceTree = "<group>"; };
		D0AFEFA21BCFBCF20073D477 /* FragmentShader.fsh */ = {isa = PBXFileReference; fileEncoding = 4; lastKnownFileType = sourcecode.glsl; path = FragmentShader.fsh; sourceTree = "<group>"; };
/* End PBXFileReference section */

/* Begin PBXFrameworksBuildPhase section */
		D0AFEF001BCFB0360073D477 /* Frameworks */ = {
			isa = PBXFrameworksBuildPhase;
			buildActionMask = 2147483647;
			files = (
				D0AFEF331BCFB10F0073D477 /* OpenGLES.framework in Frameworks */,
				D0AFEF311BCFB1060073D477 /* GLKit.framework in Frameworks */,
				D0AFEF2F1BCFB1000073D477 /* CoreMotion.framework in Frameworks */,
				D0AFEF2D1BCFB0F50073D477 /* CoreGraphics.framework in Frameworks */,
				F252930CFABB832773CEEBDD /* libPods.a in Frameworks */,
			);
			runOnlyForDeploymentPostprocessing = 0;
		};
		D0AFEF191BCFB0360073D477 /* Frameworks */ = {
			isa = PBXFrameworksBuildPhase;
			buildActionMask = 2147483647;
			files = (
			);
			runOnlyForDeploymentPostprocessing = 0;
		};
/* End PBXFrameworksBuildPhase section */

/* Begin PBXGroup section */
		56ACE21681104275478E0417 /* Frameworks */ = {
			isa = PBXGroup;
			children = (
				D0AFEF321BCFB10F0073D477 /* OpenGLES.framework */,
				D0AFEF301BCFB1060073D477 /* GLKit.framework */,
				D0AFEF2E1BCFB1000073D477 /* CoreMotion.framework */,
				D0AFEF2C1BCFB0F50073D477 /* CoreGraphics.framework */,
				B965773F0FF28E8872C89649 /* libPods.a */,
			);
			name = Frameworks;
			sourceTree = "<group>";
		};
		D013181D1BD0988F00EF6246 /* Resource */ = {
			isa = PBXGroup;
			children = (
				D013181E1BD098A700EF6246 /* 0_s.JPG */,
				D013181F1BD098A700EF6246 /* 0.JPG */,
				D01318201BD098A700EF6246 /* 1_s.JPG */,
				D01318211BD098A700EF6246 /* 1.JPG */,
				D01318221BD098A700EF6246 /* 2_s.JPG */,
				D01318231BD098A700EF6246 /* 2.JPG */,
				D01318241BD098A700EF6246 /* 3_s.JPG */,
				D01318251BD098A700EF6246 /* 3.JPG */,
				D01318261BD098A700EF6246 /* 4_s.JPG */,
				D01318271BD098A700EF6246 /* 4.JPG */,
				D01318281BD098A700EF6246 /* 5_s.JPG */,
				D01318291BD098A700EF6246 /* 5.JPG */,
				D013182A1BD098A700EF6246 /* arrow.png */,
				D013182B1BD098A700EF6246 /* arrow1.png */,
			);
			path = Resource;
			sourceTree = SOURCE_ROOT;
		};
		D0AFEEFA1BCFB0360073D477 = {
			isa = PBXGroup;
			children = (
				D0AFEF051BCFB0360073D477 /* ToppanoApp */,
				D0AFEF1F1BCFB0360073D477 /* ToppanoAppTests */,
				D0AFEF041BCFB0360073D477 /* Products */,
				EC3AB7F6F4B3B1B2F2DABFD7 /* Pods */,
				56ACE21681104275478E0417 /* Frameworks */,
			);
			sourceTree = "<group>";
		};
		D0AFEF041BCFB0360073D477 /* Products */ = {
			isa = PBXGroup;
			children = (
				D0AFEF031BCFB0360073D477 /* ToppanoApp.app */,
				D0AFEF1C1BCFB0360073D477 /* ToppanoAppTests.xctest */,
			);
			name = Products;
			sourceTree = "<group>";
		};
		D0AFEF051BCFB0360073D477 /* ToppanoApp */ = {
			isa = PBXGroup;
			children = (
				D013181D1BD0988F00EF6246 /* Resource */,
				D0AFEF0A1BCFB0360073D477 /* AppDelegate.h */,
				D0AFEF0B1BCFB0360073D477 /* AppDelegate.m */,
				D0AFEF6A1BCFB4610073D477 /* TAMotion.h */,
				D0AFEF6B1BCFB4610073D477 /* TAMotion.m */,
				D0AFEF6D1BCFB4BA0073D477 /* TANetworkAPI.h */,
				D0AFEF6E1BCFB4BA0073D477 /* TANetworkAPI.m */,
				D0AFEF691BCFB4480073D477 /* ViewController */,
				D0AFEF681BCFB4480073D477 /* GL */,
				D0AFEF131BCFB0360073D477 /* Images.xcassets */,
				D0AFEF061BCFB0360073D477 /* Supporting Files */,
			);
			path = ToppanoApp;
			sourceTree = "<group>";
		};
		D0AFEF061BCFB0360073D477 /* Supporting Files */ = {
			isa = PBXGroup;
			children = (
				D0AFEF071BCFB0360073D477 /* Info.plist */,
				D0AFEF081BCFB0360073D477 /* main.m */,
				D0AFEF341BCFB18D0073D477 /* PrefixHeader.pch */,
			);
			name = "Supporting Files";
			sourceTree = "<group>";
		};
		D0AFEF1F1BCFB0360073D477 /* ToppanoAppTests */ = {
			isa = PBXGroup;
			children = (
				D0AFEF221BCFB0360073D477 /* ToppanoAppTests.m */,
				D0AFEF201BCFB0360073D477 /* Supporting Files */,
			);
			path = ToppanoAppTests;
			sourceTree = "<group>";
		};
		D0AFEF201BCFB0360073D477 /* Supporting Files */ = {
			isa = PBXGroup;
			children = (
				D0AFEF211BCFB0360073D477 /* Info.plist */,
			);
			name = "Supporting Files";
			sourceTree = "<group>";
		};
		D0AFEF681BCFB4480073D477 /* GL */ = {
			isa = PBXGroup;
			children = (
				D0AFEF921BCFBA580073D477 /* TAGLKViewController.h */,
				D0AFEF931BCFBA580073D477 /* TAGLKViewController.m */,
				D0AFEF941BCFBA580073D477 /* TAGLKViewController.xib */,
				D0AFEF971BCFBB210073D477 /* TAGLKView.h */,
				D0AFEF981BCFBB210073D477 /* TAGLKView.m */,
				D0AFEF9A1BCFBB800073D477 /* TASquareObject.h */,
				D0AFEF9B1BCFBB800073D477 /* TASquareObject.m */,
				D0AFEF9D1BCFBBC40073D477 /* TASphereObject.h */,
				D0AFEF9E1BCFBBC40073D477 /* TASphereObject.m */,
				D0AFEFA01BCFBCE10073D477 /* VertexShader.vsh */,
				D0AFEFA21BCFBCF20073D477 /* FragmentShader.fsh */,
			);
			path = GL;
			sourceTree = "<group>";
		};
		D0AFEF691BCFB4480073D477 /* ViewController */ = {
			isa = PBXGroup;
			children = (
				D0AFEF7B1BCFB6EB0073D477 /* Login */,
				D0AFEF7F1BCFB6EB0073D477 /* Main */,
				D0AFEF871BCFB7750073D477 /* Scene */,
			);
			path = ViewController;
			sourceTree = "<group>";
		};
		D0AFEF7B1BCFB6EB0073D477 /* Login */ = {
			isa = PBXGroup;
			children = (
				D0AFEF7C1BCFB6EB0073D477 /* TALoginViewController.h */,
				D0AFEF7D1BCFB6EB0073D477 /* TALoginViewController.m */,
				D0AFEF7E1BCFB6EB0073D477 /* TALoginViewController.xib */,
			);
			path = Login;
			sourceTree = "<group>";
		};
		D0AFEF7F1BCFB6EB0073D477 /* Main */ = {
			isa = PBXGroup;
			children = (
				D0AFEF801BCFB6EB0073D477 /* TAMainViewController.h */,
				D0AFEF811BCFB6EB0073D477 /* TAMainViewController.m */,
				D0AFEF821BCFB6EB0073D477 /* TAMainViewController.xib */,
			);
			name = Main;
			path = main;
			sourceTree = "<group>";
		};
		D0AFEF871BCFB7750073D477 /* Scene */ = {
			isa = PBXGroup;
			children = (
				D0AFEF881BCFB79D0073D477 /* TASceneViewController.h */,
				D0AFEF891BCFB79D0073D477 /* TASceneViewController.m */,
				D0AFEF8A1BCFB79D0073D477 /* TASceneViewController.xib */,
				D0AFEF8D1BCFB8FE0073D477 /* TATableViewCell.h */,
				D0AFEF8E1BCFB8FE0073D477 /* TATableViewCell.m */,
				D013183A1BD09C2400EF6246 /* TATableViewCell.xib */,
			);
			path = Scene;
			sourceTree = "<group>";
		};
		EC3AB7F6F4B3B1B2F2DABFD7 /* Pods */ = {
			isa = PBXGroup;
			children = (
				54E4E473F6C46DAB62FC9D50 /* Pods.debug.xcconfig */,
				A4CA1A400CA8A53EB0629155 /* Pods.release.xcconfig */,
			);
			name = Pods;
			sourceTree = "<group>";
		};
/* End PBXGroup section */

/* Begin PBXNativeTarget section */
		D0AFEF021BCFB0360073D477 /* ToppanoApp */ = {
			isa = PBXNativeTarget;
			buildConfigurationList = D0AFEF261BCFB0360073D477 /* Build configuration list for PBXNativeTarget "ToppanoApp" */;
			buildPhases = (
				95242B2CB034A34E600CDF88 /* Check Pods Manifest.lock */,
				D0AFEEFF1BCFB0360073D477 /* Sources */,
				D0AFEF001BCFB0360073D477 /* Frameworks */,
				D0AFEF011BCFB0360073D477 /* Resources */,
				2290B7D47DBF69DF950A68F2 /* Copy Pods Resources */,
			);
			buildRules = (
			);
			dependencies = (
			);
			name = ToppanoApp;
			productName = ToppanoApp;
			productReference = D0AFEF031BCFB0360073D477 /* ToppanoApp.app */;
			productType = "com.apple.product-type.application";
		};
		D0AFEF1B1BCFB0360073D477 /* ToppanoAppTests */ = {
			isa = PBXNativeTarget;
			buildConfigurationList = D0AFEF291BCFB0360073D477 /* Build configuration list for PBXNativeTarget "ToppanoAppTests" */;
			buildPhases = (
				D0AFEF181BCFB0360073D477 /* Sources */,
				D0AFEF191BCFB0360073D477 /* Frameworks */,
				D0AFEF1A1BCFB0360073D477 /* Resources */,
			);
			buildRules = (
			);
			dependencies = (
				D0AFEF1E1BCFB0360073D477 /* PBXTargetDependency */,
			);
			name = ToppanoAppTests;
			productName = ToppanoAppTests;
			productReference = D0AFEF1C1BCFB0360073D477 /* ToppanoAppTests.xctest */;
			productType = "com.apple.product-type.bundle.unit-test";
		};
/* End PBXNativeTarget section */

/* Begin PBXProject section */
		D0AFEEFB1BCFB0360073D477 /* Project object */ = {
			isa = PBXProject;
			attributes = {
				CLASSPREFIX = TA;
				LastUpgradeCheck = 0640;
				ORGANIZATIONNAME = papayabird;
				TargetAttributes = {
					D0AFEF021BCFB0360073D477 = {
						CreatedOnToolsVersion = 6.4;
					};
					D0AFEF1B1BCFB0360073D477 = {
						CreatedOnToolsVersion = 6.4;
						TestTargetID = D0AFEF021BCFB0360073D477;
					};
				};
			};
			buildConfigurationList = D0AFEEFE1BCFB0360073D477 /* Build configuration list for PBXProject "ToppanoApp" */;
			compatibilityVersion = "Xcode 3.2";
			developmentRegion = English;
			hasScannedForEncodings = 0;
			knownRegions = (
				en,
				Base,
			);
			mainGroup = D0AFEEFA1BCFB0360073D477;
			productRefGroup = D0AFEF041BCFB0360073D477 /* Products */;
			projectDirPath = "";
			projectRoot = "";
			targets = (
				D0AFEF021BCFB0360073D477 /* ToppanoApp */,
				D0AFEF1B1BCFB0360073D477 /* ToppanoAppTests */,
			);
		};
/* End PBXProject section */

/* Begin PBXResourcesBuildPhase section */
		D0AFEF011BCFB0360073D477 /* Resources */ = {
			isa = PBXResourcesBuildPhase;
			buildActionMask = 2147483647;
			files = (
				D013182C1BD098A700EF6246 /* 0_s.JPG in Resources */,
				D0AFEF961BCFBA580073D477 /* TAGLKViewController.xib in Resources */,
				D0AFEF8C1BCFB79D0073D477 /* TASceneViewController.xib in Resources */,
				D013182E1BD098A700EF6246 /* 1_s.JPG in Resources */,
				D013182D1BD098A700EF6246 /* 0.JPG in Resources */,
				D01318321BD098A700EF6246 /* 3_s.JPG in Resources */,
				D01318331BD098A700EF6246 /* 3.JPG in Resources */,
				D01318301BD098A700EF6246 /* 2_s.JPG in Resources */,
				D013183B1BD09C2400EF6246 /* TATableViewCell.xib in Resources */,
				D01318371BD098A700EF6246 /* 5.JPG in Resources */,
				D0AFEFA11BCFBCE10073D477 /* VertexShader.vsh in Resources */,
				D01318361BD098A700EF6246 /* 5_s.JPG in Resources */,
				D0AFEFA31BCFBCF20073D477 /* FragmentShader.fsh in Resources */,
				D0AFEF141BCFB0360073D477 /* Images.xcassets in Resources */,
				D01318351BD098A700EF6246 /* 4.JPG in Resources */,
				D013182F1BD098A700EF6246 /* 1.JPG in Resources */,
				D0AFEF861BCFB6EB0073D477 /* TAMainViewController.xib in Resources */,
				D01318341BD098A700EF6246 /* 4_s.JPG in Resources */,
				D01318311BD098A700EF6246 /* 2.JPG in Resources */,
				D01318381BD098A700EF6246 /* arrow.png in Resources */,
				D0AFEF841BCFB6EB0073D477 /* TALoginViewController.xib in Resources */,
				D01318391BD098A700EF6246 /* arrow1.png in Resources */,
			);
			runOnlyForDeploymentPostprocessing = 0;
		};
		D0AFEF1A1BCFB0360073D477 /* Resources */ = {
			isa = PBXResourcesBuildPhase;
			buildActionMask = 2147483647;
			files = (
			);
			runOnlyForDeploymentPostprocessing = 0;
		};
/* End PBXResourcesBuildPhase section */

/* Begin PBXShellScriptBuildPhase section */
		2290B7D47DBF69DF950A68F2 /* Copy Pods Resources */ = {
			isa = PBXShellScriptBuildPhase;
			buildActionMask = 2147483647;
			files = (
			);
			inputPaths = (
			);
			name = "Copy Pods Resources";
			outputPaths = (
			);
			runOnlyForDeploymentPostprocessing = 0;
			shellPath = /bin/sh;
			shellScript = "\"${SRCROOT}/Pods/Target Support Files/Pods/Pods-resources.sh\"\n";
			showEnvVarsInLog = 0;
		};
		95242B2CB034A34E600CDF88 /* Check Pods Manifest.lock */ = {
			isa = PBXShellScriptBuildPhase;
			buildActionMask = 2147483647;
			files = (
			);
			inputPaths = (
			);
			name = "Check Pods Manifest.lock";
			outputPaths = (
			);
			runOnlyForDeploymentPostprocessing = 0;
			shellPath = /bin/sh;
			shellScript = "diff \"${PODS_ROOT}/../Podfile.lock\" \"${PODS_ROOT}/Manifest.lock\" > /dev/null\nif [[ $? != 0 ]] ; then\n    cat << EOM\nerror: The sandbox is not in sync with the Podfile.lock. Run 'pod install' or update your CocoaPods installation.\nEOM\n    exit 1\nfi\n";
			showEnvVarsInLog = 0;
		};
/* End PBXShellScriptBuildPhase section */

/* Begin PBXSourcesBuildPhase section */
		D0AFEEFF1BCFB0360073D477 /* Sources */ = {
			isa = PBXSourcesBuildPhase;
			buildActionMask = 2147483647;
			files = (
				D0AFEF991BCFBB210073D477 /* TAGLKView.m in Sources */,
				D0AFEF8B1BCFB79D0073D477 /* TASceneViewController.m in Sources */,
				D0AFEF0C1BCFB0360073D477 /* AppDelegate.m in Sources */,
				D0AFEF951BCFBA580073D477 /* TAGLKViewController.m in Sources */,
				D0AFEF091BCFB0360073D477 /* main.m in Sources */,
				D0AFEF851BCFB6EB0073D477 /* TAMainViewController.m in Sources */,
				D0AFEF9F1BCFBBC40073D477 /* TASphereObject.m in Sources */,
				D0AFEF901BCFB8FE0073D477 /* TATableViewCell.m in Sources */,
				D0AFEF9C1BCFBB800073D477 /* TASquareObject.m in Sources */,
				D0AFEF6F1BCFB4BA0073D477 /* TANetworkAPI.m in Sources */,
				D0AFEF831BCFB6EB0073D477 /* TALoginViewController.m in Sources */,
				D0AFEF6C1BCFB4610073D477 /* TAMotion.m in Sources */,
			);
			runOnlyForDeploymentPostprocessing = 0;
		};
		D0AFEF181BCFB0360073D477 /* Sources */ = {
			isa = PBXSourcesBuildPhase;
			buildActionMask = 2147483647;
			files = (
				D0AFEF231BCFB0360073D477 /* ToppanoAppTests.m in Sources */,
			);
			runOnlyForDeploymentPostprocessing = 0;
		};
/* End PBXSourcesBuildPhase section */

/* Begin PBXTargetDependency section */
		D0AFEF1E1BCFB0360073D477 /* PBXTargetDependency */ = {
			isa = PBXTargetDependency;
			target = D0AFEF021BCFB0360073D477 /* ToppanoApp */;
			targetProxy = D0AFEF1D1BCFB0360073D477 /* PBXContainerItemProxy */;
		};
/* End PBXTargetDependency section */

/* Begin XCBuildConfiguration section */
		D0AFEF241BCFB0360073D477 /* Debug */ = {
			isa = XCBuildConfiguration;
			buildSettings = {
				ALWAYS_SEARCH_USER_PATHS = NO;
				CLANG_CXX_LANGUAGE_STANDARD = "gnu++0x";
				CLANG_CXX_LIBRARY = "libc++";
				CLANG_ENABLE_MODULES = YES;
				CLANG_ENABLE_OBJC_ARC = YES;
				CLANG_WARN_BOOL_CONVERSION = YES;
				CLANG_WARN_CONSTANT_CONVERSION = YES;
				CLANG_WARN_DIRECT_OBJC_ISA_USAGE = YES_ERROR;
				CLANG_WARN_EMPTY_BODY = YES;
				CLANG_WARN_ENUM_CONVERSION = YES;
				CLANG_WARN_INT_CONVERSION = YES;
				CLANG_WARN_OBJC_ROOT_CLASS = YES_ERROR;
				CLANG_WARN_UNREACHABLE_CODE = YES;
				CLANG_WARN__DUPLICATE_METHOD_MATCH = YES;
				"CODE_SIGN_IDENTITY[sdk=iphoneos*]" = "iPhone Developer";
				COPY_PHASE_STRIP = NO;
				DEBUG_INFORMATION_FORMAT = "dwarf-with-dsym";
				ENABLE_STRICT_OBJC_MSGSEND = YES;
				GCC_C_LANGUAGE_STANDARD = gnu99;
				GCC_DYNAMIC_NO_PIC = NO;
				GCC_NO_COMMON_BLOCKS = YES;
				GCC_OPTIMIZATION_LEVEL = 0;
				GCC_PREPROCESSOR_DEFINITIONS = (
					"DEBUG=1",
					"$(inherited)",
				);
				GCC_SYMBOLS_PRIVATE_EXTERN = NO;
				GCC_WARN_64_TO_32_BIT_CONVERSION = YES;
				GCC_WARN_ABOUT_RETURN_TYPE = YES_ERROR;
				GCC_WARN_UNDECLARED_SELECTOR = YES;
				GCC_WARN_UNINITIALIZED_AUTOS = YES_AGGRESSIVE;
				GCC_WARN_UNUSED_FUNCTION = YES;
				GCC_WARN_UNUSED_VARIABLE = YES;
				IPHONEOS_DEPLOYMENT_TARGET = 8.4;
				MTL_ENABLE_DEBUG_INFO = YES;
				ONLY_ACTIVE_ARCH = YES;
				SDKROOT = iphoneos;
			};
			name = Debug;
		};
		D0AFEF251BCFB0360073D477 /* Release */ = {
			isa = XCBuildConfiguration;
			buildSettings = {
				ALWAYS_SEARCH_USER_PATHS = NO;
				CLANG_CXX_LANGUAGE_STANDARD = "gnu++0x";
				CLANG_CXX_LIBRARY = "libc++";
				CLANG_ENABLE_MODULES = YES;
				CLANG_ENABLE_OBJC_ARC = YES;
				CLANG_WARN_BOOL_CONVERSION = YES;
				CLANG_WARN_CONSTANT_CONVERSION = YES;
				CLANG_WARN_DIRECT_OBJC_ISA_USAGE = YES_ERROR;
				CLANG_WARN_EMPTY_BODY = YES;
				CLANG_WARN_ENUM_CONVERSION = YES;
				CLANG_WARN_INT_CONVERSION = YES;
				CLANG_WARN_OBJC_ROOT_CLASS = YES_ERROR;
				CLANG_WARN_UNREACHABLE_CODE = YES;
				CLANG_WARN__DUPLICATE_METHOD_MATCH = YES;
				"CODE_SIGN_IDENTITY[sdk=iphoneos*]" = "iPhone Developer";
				COPY_PHASE_STRIP = NO;
				DEBUG_INFORMATION_FORMAT = "dwarf-with-dsym";
				ENABLE_NS_ASSERTIONS = NO;
				ENABLE_STRICT_OBJC_MSGSEND = YES;
				GCC_C_LANGUAGE_STANDARD = gnu99;
				GCC_NO_COMMON_BLOCKS = YES;
				GCC_WARN_64_TO_32_BIT_CONVERSION = YES;
				GCC_WARN_ABOUT_RETURN_TYPE = YES_ERROR;
				GCC_WARN_UNDECLARED_SELECTOR = YES;
				GCC_WARN_UNINITIALIZED_AUTOS = YES_AGGRESSIVE;
				GCC_WARN_UNUSED_FUNCTION = YES;
				GCC_WARN_UNUSED_VARIABLE = YES;
				IPHONEOS_DEPLOYMENT_TARGET = 8.4;
				MTL_ENABLE_DEBUG_INFO = NO;
				SDKROOT = iphoneos;
				VALIDATE_PRODUCT = YES;
			};
			name = Release;
		};
		D0AFEF271BCFB0360073D477 /* Debug */ = {
			isa = XCBuildConfiguration;
			baseConfigurationReference = 54E4E473F6C46DAB62FC9D50 /* Pods.debug.xcconfig */;
			buildSettings = {
				ASSETCATALOG_COMPILER_APPICON_NAME = AppIcon;
				ASSETCATALOG_COMPILER_LAUNCHIMAGE_NAME = "LaunchImage-2";
				GCC_PREFIX_HEADER = ToppanoApp/PrefixHeader.pch;
				INFOPLIST_FILE = ToppanoApp/Info.plist;
				IPHONEOS_DEPLOYMENT_TARGET = 7.0;
				LD_RUNPATH_SEARCH_PATHS = "$(inherited) @executable_path/Frameworks";
				PRODUCT_NAME = "$(TARGET_NAME)";
				TARGETED_DEVICE_FAMILY = "1,2";
			};
			name = Debug;
		};
		D0AFEF281BCFB0360073D477 /* Release */ = {
			isa = XCBuildConfiguration;
			baseConfigurationReference = A4CA1A400CA8A53EB0629155 /* Pods.release.xcconfig */;
			buildSettings = {
				ASSETCATALOG_COMPILER_APPICON_NAME = AppIcon;
				ASSETCATALOG_COMPILER_LAUNCHIMAGE_NAME = "LaunchImage-2";
				GCC_PREFIX_HEADER = ToppanoApp/PrefixHeader.pch;
				INFOPLIST_FILE = ToppanoApp/Info.plist;
				IPHONEOS_DEPLOYMENT_TARGET = 7.0;
				LD_RUNPATH_SEARCH_PATHS = "$(inherited) @executable_path/Frameworks";
				PRODUCT_NAME = "$(TARGET_NAME)";
				TARGETED_DEVICE_FAMILY = "1,2";
			};
			name = Release;
		};
		D0AFEF2A1BCFB0360073D477 /* Debug */ = {
			isa = XCBuildConfiguration;
			buildSettings = {
				BUNDLE_LOADER = "$(TEST_HOST)";
				FRAMEWORK_SEARCH_PATHS = (
					"$(SDKROOT)/Developer/Library/Frameworks",
					"$(inherited)",
				);
				GCC_PREPROCESSOR_DEFINITIONS = (
					"DEBUG=1",
					"$(inherited)",
				);
				INFOPLIST_FILE = ToppanoAppTests/Info.plist;
				LD_RUNPATH_SEARCH_PATHS = "$(inherited) @executable_path/Frameworks @loader_path/Frameworks";
				PRODUCT_NAME = "$(TARGET_NAME)";
				TEST_HOST = "$(BUILT_PRODUCTS_DIR)/ToppanoApp.app/ToppanoApp";
			};
			name = Debug;
		};
		D0AFEF2B1BCFB0360073D477 /* Release */ = {
			isa = XCBuildConfiguration;
			buildSettings = {
				BUNDLE_LOADER = "$(TEST_HOST)";
				FRAMEWORK_SEARCH_PATHS = (
					"$(SDKROOT)/Developer/Library/Frameworks",
					"$(inherited)",
				);
				INFOPLIST_FILE = ToppanoAppTests/Info.plist;
				LD_RUNPATH_SEARCH_PATHS = "$(inherited) @executable_path/Frameworks @loader_path/Frameworks";
				PRODUCT_NAME = "$(TARGET_NAME)";
				TEST_HOST = "$(BUILT_PRODUCTS_DIR)/ToppanoApp.app/ToppanoApp";
			};
			name = Release;
		};
/* End XCBuildConfiguration section */

/* Begin XCConfigurationList section */
		D0AFEEFE1BCFB0360073D477 /* Build configuration list for PBXProject "ToppanoApp" */ = {
			isa = XCConfigurationList;
			buildConfigurations = (
				D0AFEF241BCFB0360073D477 /* Debug */,
				D0AFEF251BCFB0360073D477 /* Release */,
			);
			defaultConfigurationIsVisible = 0;
			defaultConfigurationName = Release;
		};
		D0AFEF261BCFB0360073D477 /* Build configuration list for PBXNativeTarget "ToppanoApp" */ = {
			isa = XCConfigurationList;
			buildConfigurations = (
				D0AFEF271BCFB0360073D477 /* Debug */,
				D0AFEF281BCFB0360073D477 /* Release */,
			);
			defaultConfigurationIsVisible = 0;
			defaultConfigurationName = Release;
		};
		D0AFEF291BCFB0360073D477 /* Build configuration list for PBXNativeTarget "ToppanoAppTests" */ = {
			isa = XCConfigurationList;
			buildConfigurations = (
				D0AFEF2A1BCFB0360073D477 /* Debug */,
				D0AFEF2B1BCFB0360073D477 /* Release */,
			);
			defaultConfigurationIsVisible = 0;
			defaultConfigurationName = Release;
		};
/* End XCConfigurationList section */
	};
	rootObject = D0AFEEFB1BCFB0360073D477 /* Project object */;
}
